
Microsoft Visual Studio Solution File, Format Version 12.00
# Visual Studio Version 16
VisualStudioVersion = 16.0.30320.27
MinimumVisualStudioVersion = 10.0.40219.1
Project("{9A19103F-16F7-4668-BE54-9A1E7A4F7556}") = "ZPLPrinterAspNetCoreSample", "ZPLPrinterAspNetCoreSample.csproj", "{31B3CD3E-259E-41C6-B59F-C87559A7E63B}"
EndProject
Global
	GlobalSection(SolutionConfigurationPlatforms) = preSolution
		Debug|Any CPU = Debug|Any CPU
		Release|Any CPU = Release|Any CPU
	EndGlobalSection
	GlobalSection(ProjectConfigurationPlatforms) = postSolution
		{31B3CD3E-259E-41C6-B59F-C87559A7E63B}.Debug|Any CPU.ActiveCfg = Debug|Any CPU
		{31B3CD3E-259E-41C6-B59F-C87559A7E63B}.Debug|Any CPU.Build.0 = Debug|Any CPU
		{31B3CD3E-259E-41C6-B59F-C87559A7E63B}.Release|Any CPU.ActiveCfg = Release|Any CPU
		{31B3CD3E-259E-41C6-B59F-C87559A7E63B}.Release|Any CPU.Build.0 = Release|Any CPU
	EndGlobalSection
	GlobalSection(SolutionProperties) = preSolution
		HideSolutionNode = FALSE
	EndGlobalSection
	GlobalSection(ExtensibilityGlobals) = postSolution
		SolutionGuid = {50CC58DC-7575-45E6-A1EF-35D1A36A01F0}
	EndGlobalSection
EndGlobal
